
Microsoft Visual Studio Solution File, Format Version 12.00
# Visual Studio Version 17
VisualStudioVersion = 17.7.34024.191
MinimumVisualStudioVersion = 10.0.40219.1
Project("{FAE04EC0-301F-11D3-BF4B-00C04F79EFBC}") = "LanchesMac_ProjMVC_Gauss", "LanchesMac_ProjMVC_Gauss\LanchesMac_ProjMVC_Gauss.csproj", "{3DC138E3-2583-4E6C-ABF5-5F88822D3FCC}"
EndProject
Global
	GlobalSection(SolutionConfigurationPlatforms) = preSolution
		Debug|Any CPU = Debug|Any CPU
		Release|Any CPU = Release|Any CPU
	EndGlobalSection
	GlobalSection(ProjectConfigurationPlatforms) = postSolution
		{3DC138E3-2583-4E6C-ABF5-5F88822D3FCC}.Debug|Any CPU.ActiveCfg = Debug|Any CPU
		{3DC138E3-2583-4E6C-ABF5-5F88822D3FCC}.Debug|Any CPU.Build.0 = Debug|Any CPU
		{3DC138E3-2583-4E6C-ABF5-5F88822D3FCC}.Release|Any CPU.ActiveCfg = Release|Any CPU
		{3DC138E3-2583-4E6C-ABF5-5F88822D3FCC}.Release|Any CPU.Build.0 = Release|Any CPU
	EndGlobalSection
	GlobalSection(SolutionProperties) = preSolution
		HideSolutionNode = FALSE
	EndGlobalSection
	GlobalSection(ExtensibilityGlobals) = postSolution
		SolutionGuid = {978A6F6E-F2F6-4A89-A20D-F15BF9C1FE48}
	EndGlobalSection
EndGlobal
